<?xml version="1.0" encoding="utf-8"?>
<Project ToolsVersion="4.0" xmlns="http://schemas.microsoft.com/developer/msbuild/2003">
  <ItemGroup>
    <Filter Include="Resources">
      <UniqueIdentifier>{67DA6AB6-F800-4c08-8B7A-83BB121AAD01}</UniqueIdentifier>
      <Extensions>rc;ico;cur;bmp;dlg;rc2;rct;bin;rgs;gif;jpg;jpeg;jpe;resx;tiff;tif;png;wav;mfcribbon-ms</Extensions>
    </Filter>
    <Filter Include="Headers">
      <UniqueIdentifier>{93995380-89BD-4b04-88EB-625FBE52EBFB}</UniqueIdentifier>
      <Extensions>h;hh;hpp;hxx;h++;hm;inl;inc;ipp;xsd</Extensions>
    </Filter>
    <Filter Include="Sources">
      <UniqueIdentifier>{4FC737F1-C7A5-4376-A066-2A32D752A2FF}</UniqueIdentifier>
      <Extensions>cpp;c;cc;cxx;c++;cppm;ixx;def;odl;idl;hpj;bat;asm;asmx</Extensions>
    </Filter>
  </ItemGroup>
  <ItemGroup>
    <ClCompile Include="dllmain.cpp">
      <Filter>Sources</Filter>
    </ClCompile>
    <ClCompile Include="SDRunoPlugin_ARAS.cpp">
      <Filter>Sources</Filter>
    </ClCompile>
    <ClCompile Include="SDRunoPlugin_ARASForm.cpp">
      <Filter>Sources</Filter>
    </ClCompile>
    <ClCompile Include="SDRunoPlugin_ARASProject.cpp">
      <Filter>Sources</Filter>
    </ClCompile>
    <ClCompile Include="SDRunoPlugin_ARASUi.cpp">
      <Filter>Sources</Filter>
    </ClCompile>
  </ItemGroup>
  <ItemGroup>
    <ClInclude Include="resource.h">
      <Filter>Headers</Filter>
    </ClInclude>
    <ClInclude Include="SDRunoPlugin_ARAS.h">
      <Filter>Headers</Filter>
    </ClInclude>
    <ClInclude Include="SDRunoPlugin_ARASForm.h">
      <Filter>Headers</Filter>
    </ClInclude>
    <ClInclude Include="SDRunoPlugin_ARASUi.h">
      <Filter>Headers</Filter>
    </ClInclude>
  </ItemGroup>
  <ItemGroup>
    <ResourceCompile Include="SDRunoPlugin_ARAS.rc">
      <Filter>Resources</Filter>
    </ResourceCompile>
  </ItemGroup>
  <ItemGroup>
    <Image Include=".\sdruno_kit\resources\winback.bmp">
      <Filter>Resources</Filter>
    </Image>
    <Image Include=".\sdruno_kit\resources\sp_blue_back.bmp">
      <Filter>Resources</Filter>
    </Image>
    <Image Include=".\sdruno_kit\resources\X_BUT.bmp">
      <Filter>Resources</Filter>
    </Image>
    <Image Include=".\sdruno_kit\resources\MIN_BUT.bmp">
      <Filter>Resources</Filter>
    </Image>
    <Image Include=".\sdruno_kit\resources\MIN_BUT_HIT.bmp">
      <Filter>Resources</Filter>
    </Image>
    <Image Include=".\sdruno_kit\resources\SETT.bmp">
      <Filter>Resources</Filter>
    </Image>
    <Image Include=".\sdruno_kit\resources\SETT_OVER.bmp">
      <Filter>Resources</Filter>
    </Image>
    <Image Include=".\sdruno_kit\resources\HEADER.dib" />
    <Image Include=".\sdruno_kit\resources\X_BUT_HIT.bmp">
      <Filter>Resources</Filter>
    </Image>
  </ItemGroup>
</Project>